
Microsoft Visual Studio Solution File, Format Version 12.00
# Visual Studio Version 17
VisualStudioVersion = 17.9.34728.123
MinimumVisualStudioVersion = 10.0.40219.1
Project("{FAE04EC0-301F-11D3-BF4B-00C04F79EFBC}") = "MattCraftServerManager", "MattCraftServerManager\MattCraftServerManager.csproj", "{4284E6D3-BC26-407A-822B-C3D7828F55CD}"
EndProject
Global
	GlobalSection(SolutionConfigurationPlatforms) = preSolution
		Debug|Any CPU = Debug|Any CPU
		Release|Any CPU = Release|Any CPU
	EndGlobalSection
	GlobalSection(ProjectConfigurationPlatforms) = postSolution
		{4284E6D3-BC26-407A-822B-C3D7828F55CD}.Debug|Any CPU.ActiveCfg = Debug|Any CPU
		{4284E6D3-BC26-407A-822B-C3D7828F55CD}.Debug|Any CPU.Build.0 = Debug|Any CPU
		{4284E6D3-BC26-407A-822B-C3D7828F55CD}.Release|Any CPU.ActiveCfg = Release|Any CPU
		{4284E6D3-BC26-407A-822B-C3D7828F55CD}.Release|Any CPU.Build.0 = Release|Any CPU
	EndGlobalSection
	GlobalSection(SolutionProperties) = preSolution
		HideSolutionNode = FALSE
	EndGlobalSection
	GlobalSection(ExtensibilityGlobals) = postSolution
		SolutionGuid = {888F711C-A32A-414D-8B74-6D35CEF8E16C}
	EndGlobalSection
EndGlobal
